<?xml version="1.0"?>
<!DOCTYPE CodeBlocks_project_file>
<CodeBlocks_project_file>
	<FileVersion major="1" minor="1"/>
	<Project>
		<Option title="g3270"/>
		<Option makefile="Makefile"/>
		<Option makefile_is_custom="0"/>
		<Option compiler="0"/>
		<Build>
			<Target title="default">
				<Option output="/home/perry/Projetos/g3270/g3270"/>
				<Option working_dir="."/>
				<Option object_output=".objs"/>
				<Option deps_output=".deps"/>
				<Option type="0"/>
				<Option compiler="0"/>
				<Option projectResourceIncludeDirsRelation="0"/>
			</Target>
		</Build>
		<Unit filename="src/Makefile">
			<Option compilerVar=""/>
			<Option objectName="src/Makefile"/>
			<Option target="default"/>
		</Unit>
		<Unit filename="src/actions.c">
			<Option compilerVar="CC"/>
			<Option target="default"/>
		</Unit>
		<Unit filename="src/g3270.h">
			<Option compilerVar=""/>
			<Option compile="0"/>
			<Option link="0"/>
			<Option target="default"/>
		</Unit>
		<Unit filename="src/gsource.c">
			<Option compilerVar="CC"/>
			<Option target="default"/>
		</Unit>
		<Unit filename="src/lib/3270ds.h">
			<Option compilerVar=""/>
			<Option compile="0"/>
			<Option link="0"/>
			<Option target="default"/>
		</Unit>
		<Unit filename="src/lib/Makefile">
			<Option compilerVar=""/>
			<Option objectName="src/lib/Makefile"/>
			<Option target="default"/>
		</Unit>
		<Unit filename="src/lib/X11/keysym.h">
			<Option compilerVar=""/>
			<Option compile="0"/>
			<Option link="0"/>
			<Option target="default"/>
		</Unit>
		<Unit filename="src/lib/XtGlue.c">
			<Option compilerVar="CC"/>
			<Option target="default"/>
		</Unit>
		<Unit filename="src/lib/actions.c">
			<Option compilerVar="CC"/>
			<Option target="default"/>
		</Unit>
		<Unit filename="src/lib/actionsc.h">
			<Option compilerVar=""/>
			<Option compile="0"/>
			<Option link="0"/>
			<Option target="default"/>
		</Unit>
		<Unit filename="src/lib/ansi.c">
			<Option compilerVar="CC"/>
			<Option target="default"/>
		</Unit>
		<Unit filename="src/lib/ansic.h">
			<Option compilerVar=""/>
			<Option compile="0"/>
			<Option link="0"/>
			<Option target="default"/>
		</Unit>
		<Unit filename="src/lib/apl.c">
			<Option compilerVar="CC"/>
			<Option target="default"/>
		</Unit>
		<Unit filename="src/lib/aplc.h">
			<Option compilerVar=""/>
			<Option compile="0"/>
			<Option link="0"/>
			<Option target="default"/>
		</Unit>
		<Unit filename="src/lib/appres.h">
			<Option compilerVar=""/>
			<Option compile="0"/>
			<Option link="0"/>
			<Option target="default"/>
		</Unit>
		<Unit filename="src/lib/arpa_telnet.h">
			<Option compilerVar=""/>
			<Option compile="0"/>
			<Option link="0"/>
			<Option target="default"/>
		</Unit>
		<Unit filename="src/lib/c3270.c">
			<Option compilerVar="CC"/>
			<Option target="default"/>
		</Unit>
		<Unit filename="src/lib/cg.h">
			<Option compilerVar=""/>
			<Option compile="0"/>
			<Option link="0"/>
			<Option target="default"/>
		</Unit>
		<Unit filename="src/lib/charset.c">
			<Option compilerVar="CC"/>
			<Option target="default"/>
		</Unit>
		<Unit filename="src/lib/charsetc.h">
			<Option compilerVar=""/>
			<Option compile="0"/>
			<Option link="0"/>
			<Option target="default"/>
		</Unit>
		<Unit filename="src/lib/child.c">
			<Option compilerVar="CC"/>
			<Option target="default"/>
		</Unit>
		<Unit filename="src/lib/childc.h">
			<Option compilerVar=""/>
			<Option compile="0"/>
			<Option link="0"/>
			<Option target="default"/>
		</Unit>
		<Unit filename="src/lib/conf.h">
			<Option compilerVar=""/>
			<Option compile="0"/>
			<Option link="0"/>
			<Option target="default"/>
		</Unit>
		<Unit filename="src/lib/ctlr.c">
			<Option compilerVar="CC"/>
			<Option target="default"/>
		</Unit>
		<Unit filename="src/lib/ctlr.h">
			<Option compilerVar=""/>
			<Option compile="0"/>
			<Option link="0"/>
			<Option target="default"/>
		</Unit>
		<Unit filename="src/lib/ctlrc.h">
			<Option compilerVar=""/>
			<Option compile="0"/>
			<Option link="0"/>
			<Option target="default"/>
		</Unit>
		<Unit filename="src/lib/dialogc.h">
			<Option compilerVar=""/>
			<Option compile="0"/>
			<Option link="0"/>
			<Option target="default"/>
		</Unit>
		<Unit filename="src/lib/ft.c">
			<Option compilerVar="CC"/>
			<Option target="default"/>
		</Unit>
		<Unit filename="src/lib/ft_cut.c">
			<Option compilerVar="CC"/>
			<Option target="default"/>
		</Unit>
		<Unit filename="src/lib/ft_cut_ds.h">
			<Option compilerVar=""/>
			<Option compile="0"/>
			<Option link="0"/>
			<Option target="default"/>
		</Unit>
		<Unit filename="src/lib/ft_cutc.h">
			<Option compilerVar=""/>
			<Option compile="0"/>
			<Option link="0"/>
			<Option target="default"/>
		</Unit>
		<Unit filename="src/lib/ft_dft.c">
			<Option compilerVar="CC"/>
			<Option target="default"/>
		</Unit>
		<Unit filename="src/lib/ft_dft_ds.h">
			<Option compilerVar=""/>
			<Option compile="0"/>
			<Option link="0"/>
			<Option target="default"/>
		</Unit>
		<Unit filename="src/lib/ft_dftc.h">
			<Option compilerVar=""/>
			<Option compile="0"/>
			<Option link="0"/>
			<Option target="default"/>
		</Unit>
		<Unit filename="src/lib/ftc.h">
			<Option compilerVar=""/>
			<Option compile="0"/>
			<Option link="0"/>
			<Option target="default"/>
		</Unit>
		<Unit filename="src/lib/globals.h">
			<Option compilerVar=""/>
			<Option compile="0"/>
			<Option link="0"/>
			<Option target="default"/>
		</Unit>
		<Unit filename="src/lib/glue.c">
			<Option compilerVar="CC"/>
			<Option target="default"/>
		</Unit>
		<Unit filename="src/lib/gluec.h">
			<Option compilerVar=""/>
			<Option compile="0"/>
			<Option link="0"/>
			<Option target="default"/>
		</Unit>
		<Unit filename="src/lib/help.c">
			<Option compilerVar="CC"/>
			<Option target="default"/>
		</Unit>
		<Unit filename="src/lib/host.c">
			<Option compilerVar="CC"/>
			<Option target="default"/>
		</Unit>
		<Unit filename="src/lib/hostc.h">
			<Option compilerVar=""/>
			<Option compile="0"/>
			<Option link="0"/>
			<Option target="default"/>
		</Unit>
		<Unit filename="src/lib/idle.c">
			<Option compilerVar="CC"/>
			<Option target="default"/>
		</Unit>
		<Unit filename="src/lib/idlec.h">
			<Option compilerVar=""/>
			<Option compile="0"/>
			<Option link="0"/>
			<Option target="default"/>
		</Unit>
		<Unit filename="src/lib/keymap.c">
			<Option compilerVar="CC"/>
			<Option target="default"/>
		</Unit>
		<Unit filename="src/lib/keymapc.h">
			<Option compilerVar=""/>
			<Option compile="0"/>
			<Option link="0"/>
			<Option target="default"/>
		</Unit>
		<Unit filename="src/lib/keypadc.h">
			<Option compilerVar=""/>
			<Option compile="0"/>
			<Option link="0"/>
			<Option target="default"/>
		</Unit>
		<Unit filename="src/lib/kybd.c">
			<Option compilerVar="CC"/>
			<Option target="default"/>
		</Unit>
		<Unit filename="src/lib/kybdc.h">
			<Option compilerVar=""/>
			<Option compile="0"/>
			<Option link="0"/>
			<Option target="default"/>
		</Unit>
		<Unit filename="src/lib/lib3270.h">
			<Option compilerVar=""/>
			<Option compile="0"/>
			<Option link="0"/>
			<Option target="default"/>
		</Unit>
		<Unit filename="src/lib/localdefs.h">
			<Option compilerVar=""/>
			<Option compile="0"/>
			<Option link="0"/>
			<Option target="default"/>
		</Unit>
		<Unit filename="src/lib/macros.c">
			<Option compilerVar="CC"/>
			<Option target="default"/>
		</Unit>
		<Unit filename="src/lib/macrosc.h">
			<Option compilerVar=""/>
			<Option compile="0"/>
			<Option link="0"/>
			<Option target="default"/>
		</Unit>
		<Unit filename="src/lib/menubarc.h">
			<Option compilerVar=""/>
			<Option compile="0"/>
			<Option link="0"/>
			<Option target="default"/>
		</Unit>
		<Unit filename="src/lib/mkfb.c">
			<Option compilerVar="CC"/>
			<Option target="default"/>
		</Unit>
		<Unit filename="src/lib/objects.h">
			<Option compilerVar=""/>
			<Option compile="0"/>
			<Option link="0"/>
			<Option target="default"/>
		</Unit>
		<Unit filename="src/lib/popupsc.h">
			<Option compilerVar=""/>
			<Option compile="0"/>
			<Option link="0"/>
			<Option target="default"/>
		</Unit>
		<Unit filename="src/lib/print.c">
			<Option compilerVar="CC"/>
			<Option target="default"/>
		</Unit>
		<Unit filename="src/lib/printc.h">
			<Option compilerVar=""/>
			<Option compile="0"/>
			<Option link="0"/>
			<Option target="default"/>
		</Unit>
		<Unit filename="src/lib/printer.c">
			<Option compilerVar="CC"/>
			<Option target="default"/>
		</Unit>
		<Unit filename="src/lib/printerc.h">
			<Option compilerVar=""/>
			<Option compile="0"/>
			<Option link="0"/>
			<Option target="default"/>
		</Unit>
		<Unit filename="src/lib/resources.c">
			<Option compilerVar="CC"/>
			<Option target="default"/>
		</Unit>
		<Unit filename="src/lib/resources.h">
			<Option compilerVar=""/>
			<Option compile="0"/>
			<Option link="0"/>
			<Option target="default"/>
		</Unit>
		<Unit filename="src/lib/rpq.c">
			<Option compilerVar="CC"/>
			<Option target="default"/>
		</Unit>
		<Unit filename="src/lib/savec.h">
			<Option compilerVar=""/>
			<Option compile="0"/>
			<Option link="0"/>
			<Option target="default"/>
		</Unit>
		<Unit filename="src/lib/screen.c">
			<Option compilerVar="CC"/>
			<Option target="default"/>
		</Unit>
		<Unit filename="src/lib/screen.h">
			<Option compilerVar=""/>
			<Option compile="0"/>
			<Option link="0"/>
			<Option target="default"/>
		</Unit>
		<Unit filename="src/lib/screenc.h">
			<Option compilerVar=""/>
			<Option compile="0"/>
			<Option link="0"/>
			<Option target="default"/>
		</Unit>
		<Unit filename="src/lib/scrollc.h">
			<Option compilerVar=""/>
			<Option compile="0"/>
			<Option link="0"/>
			<Option target="default"/>
		</Unit>
		<Unit filename="src/lib/see.c">
			<Option compilerVar="CC"/>
			<Option target="default"/>
		</Unit>
		<Unit filename="src/lib/seec.h">
			<Option compilerVar=""/>
			<Option compile="0"/>
			<Option link="0"/>
			<Option target="default"/>
		</Unit>
		<Unit filename="src/lib/selectc.h">
			<Option compilerVar=""/>
			<Option compile="0"/>
			<Option link="0"/>
			<Option target="default"/>
		</Unit>
		<Unit filename="src/lib/sf.c">
			<Option compilerVar="CC"/>
			<Option target="default"/>
		</Unit>
		<Unit filename="src/lib/sfc.h">
			<Option compilerVar=""/>
			<Option compile="0"/>
			<Option link="0"/>
			<Option target="default"/>
		</Unit>
		<Unit filename="src/lib/statusc.h">
			<Option compilerVar=""/>
			<Option compile="0"/>
			<Option link="0"/>
			<Option target="default"/>
		</Unit>
		<Unit filename="src/lib/tables.c">
			<Option compilerVar="CC"/>
			<Option target="default"/>
		</Unit>
		<Unit filename="src/lib/tablesc.h">
			<Option compilerVar=""/>
			<Option compile="0"/>
			<Option link="0"/>
			<Option target="default"/>
		</Unit>
		<Unit filename="src/lib/telnet.c">
			<Option compilerVar="CC"/>
			<Option target="default"/>
		</Unit>
		<Unit filename="src/lib/telnetc.h">
			<Option compilerVar=""/>
			<Option compile="0"/>
			<Option link="0"/>
			<Option target="default"/>
		</Unit>
		<Unit filename="src/lib/tn3270e.h">
			<Option compilerVar=""/>
			<Option compile="0"/>
			<Option link="0"/>
			<Option target="default"/>
		</Unit>
		<Unit filename="src/lib/toggles.c">
			<Option compilerVar="CC"/>
			<Option target="default"/>
		</Unit>
		<Unit filename="src/lib/togglesc.h">
			<Option compilerVar=""/>
			<Option compile="0"/>
			<Option link="0"/>
			<Option target="default"/>
		</Unit>
		<Unit filename="src/lib/trace_ds.c">
			<Option compilerVar="CC"/>
			<Option target="default"/>
		</Unit>
		<Unit filename="src/lib/trace_dsc.h">
			<Option compilerVar=""/>
			<Option compile="0"/>
			<Option link="0"/>
			<Option target="default"/>
		</Unit>
		<Unit filename="src/lib/util.c">
			<Option compilerVar="CC"/>
			<Option target="default"/>
		</Unit>
		<Unit filename="src/lib/utilc.h">
			<Option compilerVar=""/>
			<Option compile="0"/>
			<Option link="0"/>
			<Option target="default"/>
		</Unit>
		<Unit filename="src/lib/wide.c">
			<Option compilerVar="CC"/>
			<Option target="default"/>
		</Unit>
		<Unit filename="src/lib/widec.h">
			<Option compilerVar=""/>
			<Option compile="0"/>
			<Option link="0"/>
			<Option target="default"/>
		</Unit>
		<Unit filename="src/lib/x3270if.c">
			<Option compilerVar="CC"/>
			<Option target="default"/>
		</Unit>
		<Unit filename="src/lib/xio.c">
			<Option compilerVar="CC"/>
			<Option target="default"/>
		</Unit>
		<Unit filename="src/lib/xioc.h">
			<Option compilerVar=""/>
			<Option compile="0"/>
			<Option link="0"/>
			<Option target="default"/>
		</Unit>
		<Unit filename="src/lib/xl.h">
			<Option compilerVar=""/>
			<Option compile="0"/>
			<Option link="0"/>
			<Option target="default"/>
		</Unit>
		<Unit filename="src/log.c">
			<Option compilerVar="CC"/>
			<Option target="default"/>
		</Unit>
		<Unit filename="src/log.h">
			<Option compilerVar=""/>
			<Option compile="0"/>
			<Option link="0"/>
			<Option target="default"/>
		</Unit>
		<Unit filename="src/main.c">
			<Option compilerVar="CC"/>
			<Option target="default"/>
		</Unit>
		<Unit filename="src/screen_callbacks.c">
			<Option compilerVar="CC"/>
			<Option target="default"/>
		</Unit>
		<Unit filename="src/terminal.c">
			<Option compilerVar="CC"/>
			<Option target="default"/>
		</Unit>
		<Unit filename="src/terminal.h">
			<Option compilerVar=""/>
			<Option compile="0"/>
			<Option link="0"/>
			<Option target="default"/>
		</Unit>
		<Unit filename="src/trace.h">
			<Option compilerVar=""/>
			<Option compile="0"/>
			<Option link="0"/>
			<Option target="default"/>
		</Unit>
	</Project>
</CodeBlocks_project_file>
