// !$*UTF8*$!
{
	archiveVersion = 1;
	classes = {
	};
	objectVersion = 42;
	objects = {

/* Begin PBXFileReference section */
		C225FE6413A99F7F003E84A6 /* telnet.c */ = {isa = PBXFileReference; fileEncoding = 4; lastKnownFileType = sourcecode.c.c; name = telnet.c; path = src/lib/telnet.c; sourceTree = "<group>"; };
		C23C131212CD317F003ACBD6 /* gtkrc */ = {isa = PBXFileReference; fileEncoding = 4; lastKnownFileType = text; name = gtkrc; path = mac/gtkrc; sourceTree = "<group>"; };
		C23C133212CD5A85003ACBD6 /* launcher.sh */ = {isa = PBXFileReference; fileEncoding = 4; lastKnownFileType = text.script.sh; name = launcher.sh; path = mac/launcher.sh; sourceTree = "<group>"; };
		C23C138412CD6C3F003ACBD6 /* mkdmg.sh */ = {isa = PBXFileReference; fileEncoding = 4; lastKnownFileType = text.script.sh; name = mkdmg.sh; path = mac/mkdmg.sh; sourceTree = "<group>"; };
		C2512A23139A31D200B59BCA /* action_calls.c */ = {isa = PBXFileReference; fileEncoding = 4; lastKnownFileType = sourcecode.c.c; name = action_calls.c; path = src/gtk2/action_calls.c; sourceTree = "<group>"; };
		C2512A24139A31D200B59BCA /* action_table.h */ = {isa = PBXFileReference; fileEncoding = 4; lastKnownFileType = sourcecode.c.h; name = action_table.h; path = src/gtk2/action_table.h; sourceTree = "<group>"; };
		C2512A25139A31D200B59BCA /* actions.c */ = {isa = PBXFileReference; fileEncoding = 4; lastKnownFileType = sourcecode.c.c; name = actions.c; path = src/gtk2/actions.c; sourceTree = "<group>"; };
		C2512A26139A31D200B59BCA /* actions.h */ = {isa = PBXFileReference; fileEncoding = 4; lastKnownFileType = sourcecode.c.h; name = actions.h; path = src/gtk2/actions.h; sourceTree = "<group>"; };
		C2512A27139A31D200B59BCA /* actions.win */ = {isa = PBXFileReference; fileEncoding = 4; lastKnownFileType = text; name = actions.win; path = src/gtk2/actions.win; sourceTree = "<group>"; };
		C2512A28139A31D200B59BCA /* actions1.c */ = {isa = PBXFileReference; fileEncoding = 4; lastKnownFileType = sourcecode.c.c; name = actions1.c; path = src/gtk2/actions1.c; sourceTree = "<group>"; };
		C2512A29139A31D200B59BCA /* clipboard.c */ = {isa = PBXFileReference; fileEncoding = 4; lastKnownFileType = sourcecode.c.c; name = clipboard.c; path = src/gtk2/clipboard.c; sourceTree = "<group>"; };
		C2512A2A139A31D200B59BCA /* colors.c */ = {isa = PBXFileReference; fileEncoding = 4; lastKnownFileType = sourcecode.c.c; name = colors.c; path = src/gtk2/colors.c; sourceTree = "<group>"; };
		C2512A2B139A31D200B59BCA /* commands.c */ = {isa = PBXFileReference; fileEncoding = 4; lastKnownFileType = sourcecode.c.c; name = commands.c; path = src/gtk2/commands.c; sourceTree = "<group>"; };
		C2512A2C139A31D200B59BCA /* config.c */ = {isa = PBXFileReference; fileEncoding = 4; lastKnownFileType = sourcecode.c.c; name = config.c; path = src/gtk2/config.c; sourceTree = "<group>"; };
		C2512A2D139A31D200B59BCA /* cursor.c */ = {isa = PBXFileReference; fileEncoding = 4; lastKnownFileType = sourcecode.c.c; name = cursor.c; path = src/gtk2/cursor.c; sourceTree = "<group>"; };
		C2512A2E139A31D200B59BCA /* draw.c */ = {isa = PBXFileReference; fileEncoding = 4; lastKnownFileType = sourcecode.c.c; name = draw.c; path = src/gtk2/draw.c; sourceTree = "<group>"; };
		C2512A2F139A31D200B59BCA /* filetransfer.c */ = {isa = PBXFileReference; fileEncoding = 4; lastKnownFileType = sourcecode.c.c; name = filetransfer.c; path = src/gtk2/filetransfer.c; sourceTree = "<group>"; };
		C2512A30139A31D200B59BCA /* fonts.c */ = {isa = PBXFileReference; fileEncoding = 4; lastKnownFileType = sourcecode.c.c; name = fonts.c; path = src/gtk2/fonts.c; sourceTree = "<group>"; };
		C2512A31139A31D200B59BCA /* fonts.h */ = {isa = PBXFileReference; fileEncoding = 4; lastKnownFileType = sourcecode.c.h; name = fonts.h; path = src/gtk2/fonts.h; sourceTree = "<group>"; };
		C2512A32139A31D200B59BCA /* four.bm */ = {isa = PBXFileReference; fileEncoding = 4; lastKnownFileType = text; name = four.bm; path = src/gtk2/four.bm; sourceTree = "<group>"; };
		C2512A33139A31D200B59BCA /* gui.h */ = {isa = PBXFileReference; fileEncoding = 4; lastKnownFileType = sourcecode.c.h; name = gui.h; path = src/gtk2/gui.h; sourceTree = "<group>"; };
		C2512A34139A31D200B59BCA /* iocallback.c */ = {isa = PBXFileReference; fileEncoding = 4; lastKnownFileType = sourcecode.c.c; name = iocallback.c; path = src/gtk2/iocallback.c; sourceTree = "<group>"; };
		C2512A35139A31D200B59BCA /* locked.bm */ = {isa = PBXFileReference; fileEncoding = 4; lastKnownFileType = text; name = locked.bm; path = src/gtk2/locked.bm; sourceTree = "<group>"; };
		C2512A36139A31D200B59BCA /* main.c */ = {isa = PBXFileReference; fileEncoding = 4; lastKnownFileType = sourcecode.c.c; name = main.c; path = src/gtk2/main.c; sourceTree = "<group>"; };
		C2512A37139A31D200B59BCA /* mouse.c */ = {isa = PBXFileReference; fileEncoding = 4; lastKnownFileType = sourcecode.c.c; name = mouse.c; path = src/gtk2/mouse.c; sourceTree = "<group>"; };
		C2512A38139A31D200B59BCA /* oia.c */ = {isa = PBXFileReference; fileEncoding = 4; lastKnownFileType = sourcecode.c.c; name = oia.c; path = src/gtk2/oia.c; sourceTree = "<group>"; };
		C2512A39139A31D200B59BCA /* oia.h */ = {isa = PBXFileReference; fileEncoding = 4; lastKnownFileType = sourcecode.c.h; name = oia.h; path = src/gtk2/oia.h; sourceTree = "<group>"; };
		C2512A3A139A31D200B59BCA /* plugin.c */ = {isa = PBXFileReference; fileEncoding = 4; lastKnownFileType = sourcecode.c.c; name = plugin.c; path = src/gtk2/plugin.c; sourceTree = "<group>"; };
		C2512A3B139A31D200B59BCA /* print.c */ = {isa = PBXFileReference; fileEncoding = 4; lastKnownFileType = sourcecode.c.c; name = print.c; path = src/gtk2/print.c; sourceTree = "<group>"; };
		C2512A3C139A31D200B59BCA /* resources.rc.in */ = {isa = PBXFileReference; fileEncoding = 4; lastKnownFileType = text; name = resources.rc.in; path = src/gtk2/resources.rc.in; sourceTree = "<group>"; };
		C2512A3D139A31D200B59BCA /* screen.c */ = {isa = PBXFileReference; fileEncoding = 4; lastKnownFileType = sourcecode.c.c; name = screen.c; path = src/gtk2/screen.c; sourceTree = "<group>"; };
		C2512A3E139A31D200B59BCA /* script.c */ = {isa = PBXFileReference; fileEncoding = 4; lastKnownFileType = sourcecode.c.c; name = script.c; path = src/gtk2/script.c; sourceTree = "<group>"; };
		C2512A3F139A31D200B59BCA /* shift.bm */ = {isa = PBXFileReference; fileEncoding = 4; lastKnownFileType = text; name = shift.bm; path = src/gtk2/shift.bm; sourceTree = "<group>"; };
		C2512A40139A31D200B59BCA /* terminal.c */ = {isa = PBXFileReference; fileEncoding = 4; lastKnownFileType = sourcecode.c.c; name = terminal.c; path = src/gtk2/terminal.c; sourceTree = "<group>"; };
		C2512A41139A31D200B59BCA /* toggle.c */ = {isa = PBXFileReference; fileEncoding = 4; lastKnownFileType = sourcecode.c.c; name = toggle.c; path = src/gtk2/toggle.c; sourceTree = "<group>"; };
		C2512A42139A31D200B59BCA /* topwindow.c */ = {isa = PBXFileReference; fileEncoding = 4; lastKnownFileType = sourcecode.c.c; name = topwindow.c; path = src/gtk2/topwindow.c; sourceTree = "<group>"; };
		C2512A43139A31D200B59BCA /* topwindow1.c */ = {isa = PBXFileReference; fileEncoding = 4; lastKnownFileType = sourcecode.c.c; name = topwindow1.c; path = src/gtk2/topwindow1.c; sourceTree = "<group>"; };
		C2512A44139A31D200B59BCA /* tracewindow.c */ = {isa = PBXFileReference; fileEncoding = 4; lastKnownFileType = sourcecode.c.c; name = tracewindow.c; path = src/gtk2/tracewindow.c; sourceTree = "<group>"; };
		C2512A45139A31D200B59BCA /* ui_parse.c */ = {isa = PBXFileReference; fileEncoding = 4; lastKnownFileType = sourcecode.c.c; name = ui_parse.c; path = src/gtk2/ui_parse.c; sourceTree = "<group>"; };
		C2512A46139A31D200B59BCA /* ui_parse.h */ = {isa = PBXFileReference; fileEncoding = 4; lastKnownFileType = sourcecode.c.h; name = ui_parse.h; path = src/gtk2/ui_parse.h; sourceTree = "<group>"; };
		C2512A47139A31D200B59BCA /* uiparser1.c */ = {isa = PBXFileReference; fileEncoding = 4; lastKnownFileType = sourcecode.c.c; name = uiparser1.c; path = src/gtk2/uiparser1.c; sourceTree = "<group>"; };
		C2512A48139A31D200B59BCA /* uiparser1.h */ = {isa = PBXFileReference; fileEncoding = 4; lastKnownFileType = sourcecode.c.h; name = uiparser1.h; path = src/gtk2/uiparser1.h; sourceTree = "<group>"; };
		C2512A49139A31D200B59BCA /* unlocked.bm */ = {isa = PBXFileReference; fileEncoding = 4; lastKnownFileType = text; name = unlocked.bm; path = src/gtk2/unlocked.bm; sourceTree = "<group>"; };
		C2512A4A139A31D200B59BCA /* version.c */ = {isa = PBXFileReference; fileEncoding = 4; lastKnownFileType = sourcecode.c.c; name = version.c; path = src/gtk2/version.c; sourceTree = "<group>"; };
		C2512A4B139A31D200B59BCA /* version.c.in */ = {isa = PBXFileReference; fileEncoding = 4; lastKnownFileType = text; name = version.c.in; path = src/gtk2/version.c.in; sourceTree = "<group>"; };
		C2512A57139A334A00B59BCA /* action_table.h */ = {isa = PBXFileReference; fileEncoding = 4; lastKnownFileType = sourcecode.c.h; name = action_table.h; path = src/include/lib3270/action_table.h; sourceTree = "<group>"; };
		C2515A3013B18795004DCBE1 /* ctlr.c */ = {isa = PBXFileReference; fileEncoding = 4; lastKnownFileType = sourcecode.c.c; name = ctlr.c; path = src/lib/ctlr.c; sourceTree = "<group>"; };
		C25D56A813AAE73500BD6343 /* appres.h */ = {isa = PBXFileReference; fileEncoding = 4; lastKnownFileType = sourcecode.c.h; name = appres.h; path = src/lib/appres.h; sourceTree = "<group>"; };
		C25D56C413AAEB4600BD6343 /* actions.c */ = {isa = PBXFileReference; fileEncoding = 4; lastKnownFileType = sourcecode.c.c; name = actions.c; path = src/lib/actions.c; sourceTree = "<group>"; };
		C25D56E813AAF1F400BD6343 /* print.c */ = {isa = PBXFileReference; fileEncoding = 4; lastKnownFileType = sourcecode.c.c; name = print.c; path = src/lib/print.c; sourceTree = "<group>"; };
		C2883D1B13B2BD0300A5F470 /* ft.c */ = {isa = PBXFileReference; fileEncoding = 4; lastKnownFileType = sourcecode.c.c; name = ft.c; path = src/lib/ft.c; sourceTree = "<group>"; };
		C2883D2413B2BDCC00A5F470 /* xio.c */ = {isa = PBXFileReference; fileEncoding = 4; lastKnownFileType = sourcecode.c.c; name = xio.c; path = src/lib/xio.c; sourceTree = "<group>"; };
		E710CF6D1255168F00D2D080 /* plugins.h */ = {isa = PBXFileReference; fileEncoding = 4; lastKnownFileType = sourcecode.c.h; name = plugins.h; path = src/include/lib3270/plugins.h; sourceTree = "<group>"; };
		E710CF8D12551C0400D2D080 /* action_table.h */ = {isa = PBXFileReference; fileEncoding = 4; lastKnownFileType = sourcecode.c.h; name = action_table.h; path = src/gui/action_table.h; sourceTree = "<group>"; };
		E732942E1283AB5E0040F2AC /* actions.h */ = {isa = PBXFileReference; fileEncoding = 4; lastKnownFileType = sourcecode.c.h; name = actions.h; path = src/include/lib3270/actions.h; sourceTree = "<group>"; };
		E75642FF124CB0C80027B68D /* configure.ac */ = {isa = PBXFileReference; fileEncoding = 4; lastKnownFileType = text; path = configure.ac; sourceTree = "<group>"; };
		E7564303124CB10E0027B68D /* Makefile.in */ = {isa = PBXFileReference; fileEncoding = 4; lastKnownFileType = text; path = Makefile.in; sourceTree = "<group>"; };
		E773028712823836008E6088 /* Info.plist.in */ = {isa = PBXFileReference; fileEncoding = 4; lastKnownFileType = text.xml; path = Info.plist.in; sourceTree = "<group>"; };
		E773028912823A9B008E6088 /* pw3270.bundle.in */ = {isa = PBXFileReference; fileEncoding = 4; lastKnownFileType = text.xml; path = pw3270.bundle.in; sourceTree = "<group>"; };
		E773D1DE1254BB2D00D554F7 /* uiparser1.h */ = {isa = PBXFileReference; fileEncoding = 4; lastKnownFileType = sourcecode.c.h; name = uiparser1.h; path = src/gui/uiparser1.h; sourceTree = "<group>"; };
		E773D1DF1254BB9E00D554F7 /* actions1.h */ = {isa = PBXFileReference; fileEncoding = 4; lastKnownFileType = sourcecode.c.h; name = actions1.h; path = src/gui/actions1.h; sourceTree = "<group>"; };
		E773D1E41254C09300D554F7 /* actions.h */ = {isa = PBXFileReference; fileEncoding = 4; lastKnownFileType = sourcecode.c.h; name = actions.h; path = src/gui/actions.h; sourceTree = "<group>"; };
		E773D21F1254D4B600D554F7 /* toggle.h */ = {isa = PBXFileReference; fileEncoding = 4; lastKnownFileType = sourcecode.c.h; name = toggle.h; path = src/include/lib3270/toggle.h; sourceTree = "<group>"; };
		E773D2211254D5F900D554F7 /* toggles.c */ = {isa = PBXFileReference; fileEncoding = 4; lastKnownFileType = sourcecode.c.c; name = toggles.c; path = src/lib/toggles.c; sourceTree = "<group>"; };
		E773D2221254D75100D554F7 /* globals.h */ = {isa = PBXFileReference; fileEncoding = 4; lastKnownFileType = sourcecode.c.h; name = globals.h; path = src/lib/globals.h; sourceTree = "<group>"; };
		E773D2231254D79400D554F7 /* glue.c */ = {isa = PBXFileReference; fileEncoding = 4; lastKnownFileType = sourcecode.c.c; name = glue.c; path = src/lib/glue.c; sourceTree = "<group>"; };
		E773D2251254DCA100D554F7 /* screen.c */ = {isa = PBXFileReference; fileEncoding = 4; lastKnownFileType = sourcecode.c.c; name = screen.c; path = src/lib/screen.c; sourceTree = "<group>"; };
		E79A79BE128FBC2400E58FFF /* bootstrap.sh */ = {isa = PBXFileReference; fileEncoding = 4; lastKnownFileType = text.script.sh; path = bootstrap.sh; sourceTree = "<group>"; };
		E79D170A1251760C000E0EC2 /* gui.h */ = {isa = PBXFileReference; fileEncoding = 4; lastKnownFileType = sourcecode.c.h; name = gui.h; path = src/gui/gui.h; sourceTree = "<group>"; };
		E7DC2DDC12515B5C00B7BBCE /* config.h.in */ = {isa = PBXFileReference; fileEncoding = 4; lastKnownFileType = text; name = config.h.in; path = src/include/lib3270/config.h.in; sourceTree = "<group>"; };
		E7E883C112AF16B20011B7F0 /* charset.c */ = {isa = PBXFileReference; fileEncoding = 4; lastKnownFileType = sourcecode.c.c; name = charset.c; path = src/lib/charset.c; sourceTree = "<group>"; };
		E7E883C912AF172A0011B7F0 /* ft_dft.c */ = {isa = PBXFileReference; fileEncoding = 4; lastKnownFileType = sourcecode.c.c; name = ft_dft.c; path = src/lib/ft_dft.c; sourceTree = "<group>"; };
		E7E883DE12AF18A60011B7F0 /* kybd.c */ = {isa = PBXFileReference; fileEncoding = 4; lastKnownFileType = sourcecode.c.c; name = kybd.c; path = src/lib/kybd.c; sourceTree = "<group>"; };
		E7F59E581251890200210D5B /* default.xml */ = {isa = PBXFileReference; fileEncoding = 4; lastKnownFileType = text.xml; name = default.xml; path = ui/default.xml; sourceTree = "<group>"; };
/* End PBXFileReference section */

/* Begin PBXGroup section */
		E710CF1D12550AEE00D2D080 /* lib */ = {
			isa = PBXGroup;
			children = (
				C25D56A813AAE73500BD6343 /* appres.h */,
				C2512A57139A334A00B59BCA /* action_table.h */,
				E732942E1283AB5E0040F2AC /* actions.h */,
				E773D2221254D75100D554F7 /* globals.h */,
				E710CF6D1255168F00D2D080 /* plugins.h */,
				E773D21F1254D4B600D554F7 /* toggle.h */,
			);
			name = lib;
			sourceTree = "<group>";
		};
		E710CF2E12550B2800D2D080 /* gtk-ui */ = {
			isa = PBXGroup;
			children = (
				E710CF8D12551C0400D2D080 /* action_table.h */,
				E773D1E41254C09300D554F7 /* actions.h */,
				E773D1DF1254BB9E00D554F7 /* actions1.h */,
				E773D1DE1254BB2D00D554F7 /* uiparser1.h */,
				E79D170A1251760C000E0EC2 /* gui.h */,
			);
			name = "gtk-ui";
			sourceTree = "<group>";
		};
		E75642EC124CAFF40027B68D = {
			isa = PBXGroup;
			children = (
				E773028612823816008E6088 /* bundle */,
				E773D2201254D5D600D554F7 /* lib3270 */,
				E773D1E81254C67B00D554F7 /* configuration */,
				E7F59E57125188EC00210D5B /* ui */,
				E7DC2DDB12515B2400B7BBCE /* include */,
				E7564310124CB2CE0027B68D /* gui */,
			);
			sourceTree = "<group>";
		};
		E7564310124CB2CE0027B68D /* gui */ = {
			isa = PBXGroup;
			children = (
				C2512A23139A31D200B59BCA /* action_calls.c */,
				C2512A24139A31D200B59BCA /* action_table.h */,
				C2512A25139A31D200B59BCA /* actions.c */,
				C2512A26139A31D200B59BCA /* actions.h */,
				C2512A27139A31D200B59BCA /* actions.win */,
				C2512A28139A31D200B59BCA /* actions1.c */,
				C2512A29139A31D200B59BCA /* clipboard.c */,
				C2512A2A139A31D200B59BCA /* colors.c */,
				C2512A2B139A31D200B59BCA /* commands.c */,
				C2512A2C139A31D200B59BCA /* config.c */,
				C2512A2D139A31D200B59BCA /* cursor.c */,
				C2512A2E139A31D200B59BCA /* draw.c */,
				C2512A2F139A31D200B59BCA /* filetransfer.c */,
				C2512A30139A31D200B59BCA /* fonts.c */,
				C2512A31139A31D200B59BCA /* fonts.h */,
				C2512A32139A31D200B59BCA /* four.bm */,
				C2512A33139A31D200B59BCA /* gui.h */,
				C2512A34139A31D200B59BCA /* iocallback.c */,
				C2512A35139A31D200B59BCA /* locked.bm */,
				C2512A36139A31D200B59BCA /* main.c */,
				C2512A37139A31D200B59BCA /* mouse.c */,
				C2512A38139A31D200B59BCA /* oia.c */,
				C2512A39139A31D200B59BCA /* oia.h */,
				C2512A3A139A31D200B59BCA /* plugin.c */,
				C2512A3B139A31D200B59BCA /* print.c */,
				C2512A3C139A31D200B59BCA /* resources.rc.in */,
				C2512A3D139A31D200B59BCA /* screen.c */,
				C2512A3E139A31D200B59BCA /* script.c */,
				C2512A3F139A31D200B59BCA /* shift.bm */,
				C2512A40139A31D200B59BCA /* terminal.c */,
				C2512A41139A31D200B59BCA /* toggle.c */,
				C2512A42139A31D200B59BCA /* topwindow.c */,
				C2512A43139A31D200B59BCA /* topwindow1.c */,
				C2512A44139A31D200B59BCA /* tracewindow.c */,
				C2512A45139A31D200B59BCA /* ui_parse.c */,
				C2512A46139A31D200B59BCA /* ui_parse.h */,
				C2512A47139A31D200B59BCA /* uiparser1.c */,
				C2512A48139A31D200B59BCA /* uiparser1.h */,
				C2512A49139A31D200B59BCA /* unlocked.bm */,
				C2512A4A139A31D200B59BCA /* version.c */,
				C2512A4B139A31D200B59BCA /* version.c.in */,
			);
			name = gui;
			sourceTree = "<group>";
		};
		E773028612823816008E6088 /* bundle */ = {
			isa = PBXGroup;
			children = (
				C23C138412CD6C3F003ACBD6 /* mkdmg.sh */,
				C23C133212CD5A85003ACBD6 /* launcher.sh */,
				C23C131212CD317F003ACBD6 /* gtkrc */,
				E773028912823A9B008E6088 /* pw3270.bundle.in */,
				E773028712823836008E6088 /* Info.plist.in */,
			);
			name = bundle;
			sourceTree = "<group>";
		};
		E773D1E81254C67B00D554F7 /* configuration */ = {
			isa = PBXGroup;
			children = (
				E79A79BE128FBC2400E58FFF /* bootstrap.sh */,
				E7564303124CB10E0027B68D /* Makefile.in */,
				E7DC2DDC12515B5C00B7BBCE /* config.h.in */,
				E75642FF124CB0C80027B68D /* configure.ac */,
			);
			name = configuration;
			sourceTree = "<group>";
		};
		E773D2201254D5D600D554F7 /* lib3270 */ = {
			isa = PBXGroup;
			children = (
				C2883D2413B2BDCC00A5F470 /* xio.c */,
				C2883D1B13B2BD0300A5F470 /* ft.c */,
				C2515A3013B18795004DCBE1 /* ctlr.c */,
				C25D56E813AAF1F400BD6343 /* print.c */,
				C25D56C413AAEB4600BD6343 /* actions.c */,
				C225FE6413A99F7F003E84A6 /* telnet.c */,
				E7E883C112AF16B20011B7F0 /* charset.c */,
				E7E883C912AF172A0011B7F0 /* ft_dft.c */,
				E773D2231254D79400D554F7 /* glue.c */,
				E7E883DE12AF18A60011B7F0 /* kybd.c */,
				E773D2251254DCA100D554F7 /* screen.c */,
				E773D2211254D5F900D554F7 /* toggles.c */,
			);
			name = lib3270;
			sourceTree = "<group>";
		};
		E7DC2DDB12515B2400B7BBCE /* include */ = {
			isa = PBXGroup;
			children = (
				E710CF2E12550B2800D2D080 /* gtk-ui */,
				E710CF1D12550AEE00D2D080 /* lib */,
			);
			name = include;
			sourceTree = "<group>";
		};
		E7F59E57125188EC00210D5B /* ui */ = {
			isa = PBXGroup;
			children = (
				E7F59E581251890200210D5B /* default.xml */,
			);
			name = ui;
			sourceTree = "<group>";
		};
/* End PBXGroup section */

/* Begin PBXProject section */
		E75642EE124CAFF40027B68D /* Project object */ = {
			isa = PBXProject;
			buildConfigurationList = E75642F1124CAFF40027B68D /* Build configuration list for PBXProject "pw3270" */;
			compatibilityVersion = "Xcode 2.4";
			developmentRegion = English;
			hasScannedForEncodings = 0;
			knownRegions = (
				English,
				Japanese,
				French,
				German,
			);
			mainGroup = E75642EC124CAFF40027B68D;
			projectDirPath = "";
			projectRoot = "";
			targets = (
			);
		};
/* End PBXProject section */

/* Begin XCBuildConfiguration section */
		E75642EF124CAFF40027B68D /* Debug */ = {
			isa = XCBuildConfiguration;
			buildSettings = {
				COPY_PHASE_STRIP = NO;
			};
			name = Debug;
		};
		E75642F0124CAFF40027B68D /* Release */ = {
			isa = XCBuildConfiguration;
			buildSettings = {
				COPY_PHASE_STRIP = YES;
			};
			name = Release;
		};
/* End XCBuildConfiguration section */

/* Begin XCConfigurationList section */
		E75642F1124CAFF40027B68D /* Build configuration list for PBXProject "pw3270" */ = {
			isa = XCConfigurationList;
			buildConfigurations = (
				E75642EF124CAFF40027B68D /* Debug */,
				E75642F0124CAFF40027B68D /* Release */,
			);
			defaultConfigurationIsVisible = 0;
			defaultConfigurationName = Release;
		};
/* End XCConfigurationList section */
	};
	rootObject = E75642EE124CAFF40027B68D /* Project object */;
}
